
Microsoft Visual Studio Solution File, Format Version 12.00
# Visual Studio Version 17
VisualStudioVersion = 17.2.32516.85
MinimumVisualStudioVersion = 10.0.40219.1
Project("{FAE04EC0-301F-11D3-BF4B-00C04F79EFBC}") = "5InARowAI", "5InARowAI.csproj", "{66EE3FC2-1577-432F-9E59-3EBD4A4322AB}"
EndProject
Global
	GlobalSection(SolutionConfigurationPlatforms) = preSolution
		Debug|Any CPU = Debug|Any CPU
		Release|Any CPU = Release|Any CPU
	EndGlobalSection
	GlobalSection(ProjectConfigurationPlatforms) = postSolution
		{66EE3FC2-1577-432F-9E59-3EBD4A4322AB}.Debug|Any CPU.ActiveCfg = Debug|Any CPU
		{66EE3FC2-1577-432F-9E59-3EBD4A4322AB}.Debug|Any CPU.Build.0 = Debug|Any CPU
		{66EE3FC2-1577-432F-9E59-3EBD4A4322AB}.Release|Any CPU.ActiveCfg = Release|Any CPU
		{66EE3FC2-1577-432F-9E59-3EBD4A4322AB}.Release|Any CPU.Build.0 = Release|Any CPU
	EndGlobalSection
	GlobalSection(SolutionProperties) = preSolution
		HideSolutionNode = FALSE
	EndGlobalSection
	GlobalSection(ExtensibilityGlobals) = postSolution
		SolutionGuid = {A0CB22CC-7031-49A7-A0E1-DF5891556F68}
	EndGlobalSection
EndGlobal
